
Microsoft Visual Studio Solution File, Format Version 12.00
# Visual Studio Version 17
VisualStudioVersion = 17.1.32421.90
MinimumVisualStudioVersion = 10.0.40219.1
Project("{9A19103F-16F7-4668-BE54-9A1E7A4F7556}") = "WebApi", "WebApi.csproj", "{CC758776-3334-446B-89C2-73B142E97628}"
EndProject
Global
	GlobalSection(SolutionConfigurationPlatforms) = preSolution
		Debug|Any CPU = Debug|Any CPU
		Release|Any CPU = Release|Any CPU
	EndGlobalSection
	GlobalSection(ProjectConfigurationPlatforms) = postSolution
		{CC758776-3334-446B-89C2-73B142E97628}.Debug|Any CPU.ActiveCfg = Debug|Any CPU
		{CC758776-3334-446B-89C2-73B142E97628}.Debug|Any CPU.Build.0 = Debug|Any CPU
		{CC758776-3334-446B-89C2-73B142E97628}.Release|Any CPU.ActiveCfg = Release|Any CPU
		{CC758776-3334-446B-89C2-73B142E97628}.Release|Any CPU.Build.0 = Release|Any CPU
	EndGlobalSection
	GlobalSection(SolutionProperties) = preSolution
		HideSolutionNode = FALSE
	EndGlobalSection
	GlobalSection(ExtensibilityGlobals) = postSolution
		SolutionGuid = {97F74BAD-A86B-41FB-8598-875DCDD3F896}
	EndGlobalSection
EndGlobal
